
Microsoft Visual Studio Solution File, Format Version 12.00
# Visual Studio Version 17
VisualStudioVersion = 17.2.32630.192
MinimumVisualStudioVersion = 10.0.40219.1
Project("{9A19103F-16F7-4668-BE54-9A1E7A4F7556}") = "R5T.T0200.Construction", "R5T.T0200.Construction\R5T.T0200.Construction.csproj", "{48EE04B5-31A8-42B2-9FCC-797C91711F35}"
EndProject
Project("{9A19103F-16F7-4668-BE54-9A1E7A4F7556}") = "R5T.T0200", "R5T.T0200\R5T.T0200.csproj", "{3BCF3272-7D3B-4B2E-9574-37B51461449E}"
EndProject
Global
	GlobalSection(SolutionConfigurationPlatforms) = preSolution
		Debug|Any CPU = Debug|Any CPU
		Release|Any CPU = Release|Any CPU
	EndGlobalSection
	GlobalSection(ProjectConfigurationPlatforms) = postSolution
		{48EE04B5-31A8-42B2-9FCC-797C91711F35}.Debug|Any CPU.ActiveCfg = Debug|Any CPU
		{48EE04B5-31A8-42B2-9FCC-797C91711F35}.Debug|Any CPU.Build.0 = Debug|Any CPU
		{48EE04B5-31A8-42B2-9FCC-797C91711F35}.Release|Any CPU.ActiveCfg = Release|Any CPU
		{48EE04B5-31A8-42B2-9FCC-797C91711F35}.Release|Any CPU.Build.0 = Release|Any CPU
		{3BCF3272-7D3B-4B2E-9574-37B51461449E}.Debug|Any CPU.ActiveCfg = Debug|Any CPU
		{3BCF3272-7D3B-4B2E-9574-37B51461449E}.Debug|Any CPU.Build.0 = Debug|Any CPU
		{3BCF3272-7D3B-4B2E-9574-37B51461449E}.Release|Any CPU.ActiveCfg = Release|Any CPU
		{3BCF3272-7D3B-4B2E-9574-37B51461449E}.Release|Any CPU.Build.0 = Release|Any CPU
	EndGlobalSection
	GlobalSection(SolutionProperties) = preSolution
		HideSolutionNode = FALSE
	EndGlobalSection
	GlobalSection(ExtensibilityGlobals) = postSolution
		SolutionGuid = {F6D01BA3-7CAB-48E5-B4C8-99469905482C}
	EndGlobalSection
EndGlobal
