
Microsoft Visual Studio Solution File, Format Version 12.00
# Visual Studio Version 17
VisualStudioVersion = 17.2.32630.192
MinimumVisualStudioVersion = 10.0.40219.1
Project("{9A19103F-16F7-4668-BE54-9A1E7A4F7556}") = "R5T.T0200", "R5T.T0200\R5T.T0200.csproj", "{5DDA1251-D8F5-4EB6-86DD-E967E6E6E069}"
EndProject
Project("{2150E333-8FDC-42A3-9474-1A3956D46DE8}") = "_Dependencies", "_Dependencies", "{2EB396AA-4E7B-4E2B-8B12-23664F7C4D2E}"
EndProject
Project("{9A19103F-16F7-4668-BE54-9A1E7A4F7556}") = "R5T.T0132", "..\..\R5T.T0132\source\R5T.T0132\R5T.T0132.csproj", "{B2E14262-DAC2-4EBC-BF33-D61240BE911B}"
EndProject
Project("{9A19103F-16F7-4668-BE54-9A1E7A4F7556}") = "R5T.T0143", "..\..\R5T.T0143\source\R5T.T0143\R5T.T0143.csproj", "{EF8E5410-AF29-475E-BD9D-520216446C79}"
EndProject
Project("{9A19103F-16F7-4668-BE54-9A1E7A4F7556}") = "R5T.T0178", "..\..\R5T.T0178\source\R5T.T0178\R5T.T0178.csproj", "{920153CE-5CA3-4F27-9B5C-65C5505A2101}"
EndProject
Project("{9A19103F-16F7-4668-BE54-9A1E7A4F7556}") = "R5T.T0179", "..\..\R5T.T0179\source\R5T.T0179\R5T.T0179.csproj", "{393014F2-751D-4995-885E-B3447699511D}"
EndProject
Project("{9A19103F-16F7-4668-BE54-9A1E7A4F7556}") = "R5T.T0180", "..\..\R5T.T0180\source\R5T.T0180\R5T.T0180.csproj", "{109790D0-E58C-4131-AD31-E940B026C776}"
EndProject
Global
	GlobalSection(NestedProjects) = preSolution
		{B2E14262-DAC2-4EBC-BF33-D61240BE911B} = {2EB396AA-4E7B-4E2B-8B12-23664F7C4D2E}
		{EF8E5410-AF29-475E-BD9D-520216446C79} = {2EB396AA-4E7B-4E2B-8B12-23664F7C4D2E}
		{920153CE-5CA3-4F27-9B5C-65C5505A2101} = {2EB396AA-4E7B-4E2B-8B12-23664F7C4D2E}
		{393014F2-751D-4995-885E-B3447699511D} = {2EB396AA-4E7B-4E2B-8B12-23664F7C4D2E}
		{109790D0-E58C-4131-AD31-E940B026C776} = {2EB396AA-4E7B-4E2B-8B12-23664F7C4D2E}
	EndGlobalSection
	GlobalSection(SolutionConfigurationPlatforms) = preSolution
		Debug|Any CPU = Debug|Any CPU
		Release|Any CPU = Release|Any CPU
	EndGlobalSection
	GlobalSection(ProjectConfigurationPlatforms) = postSolution
		{5DDA1251-D8F5-4EB6-86DD-E967E6E6E069}.Debug|Any CPU.ActiveCfg = Debug|Any CPU
		{5DDA1251-D8F5-4EB6-86DD-E967E6E6E069}.Debug|Any CPU.Build.0 = Debug|Any CPU
		{5DDA1251-D8F5-4EB6-86DD-E967E6E6E069}.Release|Any CPU.ActiveCfg = Release|Any CPU
		{5DDA1251-D8F5-4EB6-86DD-E967E6E6E069}.Release|Any CPU.Build.0 = Release|Any CPU
		{B2E14262-DAC2-4EBC-BF33-D61240BE911B}.Debug|Any CPU.ActiveCfg = Debug|Any CPU
		{B2E14262-DAC2-4EBC-BF33-D61240BE911B}.Debug|Any CPU.Build.0 = Debug|Any CPU
		{B2E14262-DAC2-4EBC-BF33-D61240BE911B}.Release|Any CPU.ActiveCfg = Release|Any CPU
		{B2E14262-DAC2-4EBC-BF33-D61240BE911B}.Release|Any CPU.Build.0 = Release|Any CPU
		{EF8E5410-AF29-475E-BD9D-520216446C79}.Debug|Any CPU.ActiveCfg = Debug|Any CPU
		{EF8E5410-AF29-475E-BD9D-520216446C79}.Debug|Any CPU.Build.0 = Debug|Any CPU
		{EF8E5410-AF29-475E-BD9D-520216446C79}.Release|Any CPU.ActiveCfg = Release|Any CPU
		{EF8E5410-AF29-475E-BD9D-520216446C79}.Release|Any CPU.Build.0 = Release|Any CPU
		{920153CE-5CA3-4F27-9B5C-65C5505A2101}.Debug|Any CPU.ActiveCfg = Debug|Any CPU
		{920153CE-5CA3-4F27-9B5C-65C5505A2101}.Debug|Any CPU.Build.0 = Debug|Any CPU
		{920153CE-5CA3-4F27-9B5C-65C5505A2101}.Release|Any CPU.ActiveCfg = Release|Any CPU
		{920153CE-5CA3-4F27-9B5C-65C5505A2101}.Release|Any CPU.Build.0 = Release|Any CPU
		{393014F2-751D-4995-885E-B3447699511D}.Debug|Any CPU.ActiveCfg = Debug|Any CPU
		{393014F2-751D-4995-885E-B3447699511D}.Debug|Any CPU.Build.0 = Debug|Any CPU
		{393014F2-751D-4995-885E-B3447699511D}.Release|Any CPU.ActiveCfg = Release|Any CPU
		{393014F2-751D-4995-885E-B3447699511D}.Release|Any CPU.Build.0 = Release|Any CPU
		{109790D0-E58C-4131-AD31-E940B026C776}.Debug|Any CPU.ActiveCfg = Debug|Any CPU
		{109790D0-E58C-4131-AD31-E940B026C776}.Debug|Any CPU.Build.0 = Debug|Any CPU
		{109790D0-E58C-4131-AD31-E940B026C776}.Release|Any CPU.ActiveCfg = Release|Any CPU
		{109790D0-E58C-4131-AD31-E940B026C776}.Release|Any CPU.Build.0 = Release|Any CPU
	EndGlobalSection
	GlobalSection(SolutionProperties) = preSolution
		HideSolutionNode = FALSE
	EndGlobalSection
	GlobalSection(ExtensibilityGlobals) = postSolution
		SolutionGuid = {653ACA24-B529-4359-8ED5-B2073B481565}
	EndGlobalSection
EndGlobal
